dependencies:
- name: mariadb-operator-crds
  repository: https://mariadb-operator.github.io/mariadb-operator
  version: 26.6.0
- name: mariadb-operator
  repository: https://mariadb-operator.github.io/mariadb-operator
  version: 26.6.0
digest: sha256:ee0961b50c681201ed05503e2f1468efb6cba53239f08d20bea65dbfac106cc9
generated: "2026-07-30T18:38:05.668839466-04:00"
